
Microsoft Visual Studio Solution File, Format Version 12.00
# Visual Studio Version 16
VisualStudioVersion = 16.0.28516.95
MinimumVisualStudioVersion = 10.0.40219.1
Project("{9A19103F-16F7-4668-BE54-9A1E7A4F7556}") = "DataSample.Client", "DataSample.Client\DataSample.Client.csproj", "{BF0F4070-523E-4FCB-B7B2-19C98EF1EB7E}"
EndProject
Project("{FAE04EC0-301F-11D3-BF4B-00C04F79EFBC}") = "DataSample.Common", "DataSample.Common\DataSample.Common.csproj", "{A95F7E50-C2EC-4AE5-B117-4C052A920A5E}"
EndProject
Project("{FAE04EC0-301F-11D3-BF4B-00C04F79EFBC}") = "DataSample.BusinessLayer", "DataSample.BusinessLayer\DataSample.BusinessLayer.csproj", "{A4596AD6-F120-43CC-98A3-D50C9A8CCE29}"
EndProject
Project("{FAE04EC0-301F-11D3-BF4B-00C04F79EFBC}") = "DataSample.DataAccessLayer", "DataSample.DataAccessLayer\DataSample.DataAccessLayer.csproj", "{59CA66D5-4D55-4966-8F8A-4B810BF71BA0}"
EndProject
Global
	GlobalSection(SolutionConfigurationPlatforms) = preSolution
		Debug|Any CPU = Debug|Any CPU
		Release|Any CPU = Release|Any CPU
	EndGlobalSection
	GlobalSection(ProjectConfigurationPlatforms) = postSolution
		{BF0F4070-523E-4FCB-B7B2-19C98EF1EB7E}.Debug|Any CPU.ActiveCfg = Debug|Any CPU
		{BF0F4070-523E-4FCB-B7B2-19C98EF1EB7E}.Debug|Any CPU.Build.0 = Debug|Any CPU
		{BF0F4070-523E-4FCB-B7B2-19C98EF1EB7E}.Release|Any CPU.ActiveCfg = Release|Any CPU
		{BF0F4070-523E-4FCB-B7B2-19C98EF1EB7E}.Release|Any CPU.Build.0 = Release|Any CPU
		{A95F7E50-C2EC-4AE5-B117-4C052A920A5E}.Debug|Any CPU.ActiveCfg = Debug|Any CPU
		{A95F7E50-C2EC-4AE5-B117-4C052A920A5E}.Debug|Any CPU.Build.0 = Debug|Any CPU
		{A95F7E50-C2EC-4AE5-B117-4C052A920A5E}.Release|Any CPU.ActiveCfg = Release|Any CPU
		{A95F7E50-C2EC-4AE5-B117-4C052A920A5E}.Release|Any CPU.Build.0 = Release|Any CPU
		{A4596AD6-F120-43CC-98A3-D50C9A8CCE29}.Debug|Any CPU.ActiveCfg = Debug|Any CPU
		{A4596AD6-F120-43CC-98A3-D50C9A8CCE29}.Debug|Any CPU.Build.0 = Debug|Any CPU
		{A4596AD6-F120-43CC-98A3-D50C9A8CCE29}.Release|Any CPU.ActiveCfg = Release|Any CPU
		{A4596AD6-F120-43CC-98A3-D50C9A8CCE29}.Release|Any CPU.Build.0 = Release|Any CPU
		{59CA66D5-4D55-4966-8F8A-4B810BF71BA0}.Debug|Any CPU.ActiveCfg = Debug|Any CPU
		{59CA66D5-4D55-4966-8F8A-4B810BF71BA0}.Debug|Any CPU.Build.0 = Debug|Any CPU
		{59CA66D5-4D55-4966-8F8A-4B810BF71BA0}.Release|Any CPU.ActiveCfg = Release|Any CPU
		{59CA66D5-4D55-4966-8F8A-4B810BF71BA0}.Release|Any CPU.Build.0 = Release|Any CPU
	EndGlobalSection
	GlobalSection(SolutionProperties) = preSolution
		HideSolutionNode = FALSE
	EndGlobalSection
	GlobalSection(ExtensibilityGlobals) = postSolution
		SolutionGuid = {5AB2469B-5E32-4AA6-B1D6-7B3598AD0076}
	EndGlobalSection
EndGlobal
